
Microsoft Visual Studio Solution File, Format Version 12.00
# Visual Studio Version 16
VisualStudioVersion = 16.0.32510.428
MinimumVisualStudioVersion = 10.0.40219.1
Project("{FAE04EC0-301F-11D3-BF4B-00C04F79EFBC}") = "MVC_GerenciadorDeConteudo", "MVC_GerenciadorDeConteudo\MVC_GerenciadorDeConteudo.csproj", "{95EEB891-1782-4CEA-970C-0C0A6C68D735}"
EndProject
Project("{FAE04EC0-301F-11D3-BF4B-00C04F79EFBC}") = "Database", "Database\Database.csproj", "{987A3E49-BD2A-4A84-A02D-7A4E67E0345C}"
EndProject
Project("{FAE04EC0-301F-11D3-BF4B-00C04F79EFBC}") = "Business", "Business\Business.csproj", "{BF7AFC98-B59F-4F76-A609-9D0504DA8E96}"
EndProject
Global
	GlobalSection(SolutionConfigurationPlatforms) = preSolution
		Debug|Any CPU = Debug|Any CPU
		Release|Any CPU = Release|Any CPU
	EndGlobalSection
	GlobalSection(ProjectConfigurationPlatforms) = postSolution
		{95EEB891-1782-4CEA-970C-0C0A6C68D735}.Debug|Any CPU.ActiveCfg = Debug|Any CPU
		{95EEB891-1782-4CEA-970C-0C0A6C68D735}.Debug|Any CPU.Build.0 = Debug|Any CPU
		{95EEB891-1782-4CEA-970C-0C0A6C68D735}.Release|Any CPU.ActiveCfg = Release|Any CPU
		{95EEB891-1782-4CEA-970C-0C0A6C68D735}.Release|Any CPU.Build.0 = Release|Any CPU
		{987A3E49-BD2A-4A84-A02D-7A4E67E0345C}.Debug|Any CPU.ActiveCfg = Debug|Any CPU
		{987A3E49-BD2A-4A84-A02D-7A4E67E0345C}.Debug|Any CPU.Build.0 = Debug|Any CPU
		{987A3E49-BD2A-4A84-A02D-7A4E67E0345C}.Release|Any CPU.ActiveCfg = Release|Any CPU
		{987A3E49-BD2A-4A84-A02D-7A4E67E0345C}.Release|Any CPU.Build.0 = Release|Any CPU
		{BF7AFC98-B59F-4F76-A609-9D0504DA8E96}.Debug|Any CPU.ActiveCfg = Debug|Any CPU
		{BF7AFC98-B59F-4F76-A609-9D0504DA8E96}.Debug|Any CPU.Build.0 = Debug|Any CPU
		{BF7AFC98-B59F-4F76-A609-9D0504DA8E96}.Release|Any CPU.ActiveCfg = Release|Any CPU
		{BF7AFC98-B59F-4F76-A609-9D0504DA8E96}.Release|Any CPU.Build.0 = Release|Any CPU
	EndGlobalSection
	GlobalSection(SolutionProperties) = preSolution
		HideSolutionNode = FALSE
	EndGlobalSection
	GlobalSection(ExtensibilityGlobals) = postSolution
		SolutionGuid = {FB4BB9FC-5EE5-4121-BFF0-17D54CA9CA92}
	EndGlobalSection
EndGlobal
